
Microsoft Visual Studio Solution File, Format Version 12.00
# Visual Studio Version 17
VisualStudioVersion = 17.11.35208.52
MinimumVisualStudioVersion = 10.0.40219.1
Project("{FAE04EC0-301F-11D3-BF4B-00C04F79EFBC}") = "ApiTarefas", "ApiTarefas\ApiTarefas.csproj", "{4EB3F3B5-C313-4987-9B9E-70E0B163E0BD}"
EndProject
Global
	GlobalSection(SolutionConfigurationPlatforms) = preSolution
		Debug|Any CPU = Debug|Any CPU
		Release|Any CPU = Release|Any CPU
	EndGlobalSection
	GlobalSection(ProjectConfigurationPlatforms) = postSolution
		{4EB3F3B5-C313-4987-9B9E-70E0B163E0BD}.Debug|Any CPU.ActiveCfg = Debug|Any CPU
		{4EB3F3B5-C313-4987-9B9E-70E0B163E0BD}.Debug|Any CPU.Build.0 = Debug|Any CPU
		{4EB3F3B5-C313-4987-9B9E-70E0B163E0BD}.Release|Any CPU.ActiveCfg = Release|Any CPU
		{4EB3F3B5-C313-4987-9B9E-70E0B163E0BD}.Release|Any CPU.Build.0 = Release|Any CPU
	EndGlobalSection
	GlobalSection(SolutionProperties) = preSolution
		HideSolutionNode = FALSE
	EndGlobalSection
	GlobalSection(ExtensibilityGlobals) = postSolution
		SolutionGuid = {F0CD4CB0-F086-4B0C-80CE-9CBEC7AC4CEE}
	EndGlobalSection
EndGlobal
